{
  "requires": true,
  "lockfileVersion": 1,
  "dependencies": {
    "angularjs-datepicker": {
      "version": "2.1.23",
      "resolved": "https://registry.npmjs.org/angularjs-datepicker/-/angularjs-datepicker-2.1.23.tgz",
      "integrity": "sha1-ZJq4viz3dpKw/IEuKp2xgCIcJOU="
    },
    "ng-file-upload": {
      "version": "12.2.13",
      "resolved": "https://registry.npmjs.org/ng-file-upload/-/ng-file-upload-12.2.13.tgz",
      "integrity": "sha1-AYAPOHLlJvlTEPhHfpnk8S0NjRQ="
    }
  }
}
